
Microsoft Visual Studio Solution File, Format Version 12.00
Project("{FAE04EC0-301F-11D3-BF4B-00C04F79EFBC}") = "DirectoryService.Domain", "src\DirectoryService.Domain\DirectoryService.Domain.csproj", "{A415B110-3030-4904-AF94-45BD38C99446}"
EndProject
Project("{2150E333-8FDC-42A3-9474-1A3956D46DE8}") = "src", "src", "{228A053C-8D62-4075-948A-049C9CAC36BC}"
EndProject
Global
	GlobalSection(SolutionConfigurationPlatforms) = preSolution
		Debug|Any CPU = Debug|Any CPU
		Release|Any CPU = Release|Any CPU
	EndGlobalSection
	GlobalSection(ProjectConfigurationPlatforms) = postSolution
		{A415B110-3030-4904-AF94-45BD38C99446}.Debug|Any CPU.ActiveCfg = Debug|Any CPU
		{A415B110-3030-4904-AF94-45BD38C99446}.Debug|Any CPU.Build.0 = Debug|Any CPU
		{A415B110-3030-4904-AF94-45BD38C99446}.Release|Any CPU.ActiveCfg = Release|Any CPU
		{A415B110-3030-4904-AF94-45BD38C99446}.Release|Any CPU.Build.0 = Release|Any CPU
	EndGlobalSection
	GlobalSection(NestedProjects) = preSolution
		{A415B110-3030-4904-AF94-45BD38C99446} = {228A053C-8D62-4075-948A-049C9CAC36BC}
	EndGlobalSection
EndGlobal
